
Microsoft Visual Studio Solution File, Format Version 12.00
# Visual Studio Version 16
VisualStudioVersion = 16.0.31019.35
MinimumVisualStudioVersion = 10.0.40219.1
Project("{FAE04EC0-301F-11D3-BF4B-00C04F79EFBC}") = "WindowsFormsApp3screen", "WindowsFormsApp3screen\WindowsFormsApp3screen.csproj", "{EC8EE59F-9696-4FAA-91AD-3E058971F447}"
EndProject
Global
	GlobalSection(SolutionConfigurationPlatforms) = preSolution
		Debug|Any CPU = Debug|Any CPU
		Release|Any CPU = Release|Any CPU
	EndGlobalSection
	GlobalSection(ProjectConfigurationPlatforms) = postSolution
		{EC8EE59F-9696-4FAA-91AD-3E058971F447}.Debug|Any CPU.ActiveCfg = Debug|Any CPU
		{EC8EE59F-9696-4FAA-91AD-3E058971F447}.Debug|Any CPU.Build.0 = Debug|Any CPU
		{EC8EE59F-9696-4FAA-91AD-3E058971F447}.Release|Any CPU.ActiveCfg = Release|Any CPU
		{EC8EE59F-9696-4FAA-91AD-3E058971F447}.Release|Any CPU.Build.0 = Release|Any CPU
	EndGlobalSection
	GlobalSection(SolutionProperties) = preSolution
		HideSolutionNode = FALSE
	EndGlobalSection
	GlobalSection(ExtensibilityGlobals) = postSolution
		SolutionGuid = {746205CB-6946-4D34-910C-5C0D3BFC5620}
	EndGlobalSection
EndGlobal
